dependencies:
  espressif/dl_fft:
    component_hash: 7dadbd644c0d7ba4733cc3726ec4cff6edf27b043725e1115861dec1609a3d28
    dependencies:
    - name: idf
      require: private
      version: '>=5.0'
    source:
      registry_url: https://components.espressif.com
      type: service
    version: 0.3.1
  espressif/esp-dl:
    component_hash: 92733552fb590c36a043e2d08f648707a72aef357469043a25dc221e285288c1
    dependencies:
    - name: espressif/dl_fft
      registry_url: https://components.espressif.com
      require: private
      version: '>=0.3.1'
    - name: espressif/esp-dsp
      registry_url: https://components.espressif.com
      require: private
      version: ==1.7.0
    - name: espressif/esp_new_jpeg
      registry_url: https://components.espressif.com
      require: private
      version: ^0.6.1
    - name: idf
      require: private
      version: '>=5.3'
    source:
      registry_url: https://components.espressif.com/
      type: service
    targets:
    - esp32
    - esp32s3
    - esp32p4
    version: 3.2.0
  espressif/esp-dsp:
    component_hash: 42dce32d46ac93dc11f60d368e29a830e9661c7345d794b8a45c343479cae636
    dependencies:
    - name: idf
      require: private
      version: '>=4.2'
    source:
      registry_url: https://components.espressif.com
      type: service
    version: 1.7.0
  espressif/esp32-camera:
    component_hash: f0a608b109935a5389221eee5090ec61f51b0df1a0749531fe59d33aaf263233
    dependencies:
    - name: espressif/esp_jpeg
      registry_url: https://components.espressif.com
      require: public
      version: ^1.3.1
    - name: idf
      require: private
      version: '>=5.1'
    source:
      registry_url: https://components.espressif.com/
      type: service
    version: 2.1.4
  espressif/esp_jpeg:
    component_hash: defb83669293cbf86d0fa86b475ba5517aceed04ed70db435388c151ab37b5d7
    dependencies:
    - name: idf
      require: private
      version: '>=5.0'
    source:
      registry_url: https://components.espressif.com
      type: service
    version: 1.3.1
  espressif/esp_lcd_touch:
    component_hash: 779b4ba2464a3ae85681e4b860caa5fdc35801458c23f3039ee761bae7f442a4
    dependencies:
    - name: idf
      require: private
      version: '>=4.4.2'
    source:
      registry_url: https://components.espressif.com/
      type: service
    version: 1.1.2
  espressif/esp_lvgl_port:
    component_hash: 3264cc85d86a7c32b67d26a1353a57c67e7986bb293ebb1731801936b056e632
    dependencies:
    - name: idf
      require: private
      version: '>=5.1'
    - name: lvgl/lvgl
      registry_url: https://components.espressif.com
      require: public
      version: '>=8,<10'
    source:
      registry_url: https://components.espressif.com/
      type: service
    version: 2.6.3
  espressif/esp_new_jpeg:
    component_hash: e6af208a875abd0ecfc0213d3751a11b504b463ebde6930f24096047925fa5c1
    dependencies: []
    source:
      registry_url: https://components.espressif.com
      type: service
    targets:
    - esp32
    - esp32s2
    - esp32s3
    - esp32p4
    - esp32c2
    - esp32c3
    - esp32c5
    - esp32c6
    version: 0.6.1
  espressif/pedestrian_detect:
    component_hash: d60ffb9ac0eaeeca8129f8f6a605b3414bf219268e47d3c1a50469f8bee6b988
    dependencies:
    - name: espressif/esp-dl
      registry_url: https://components.espressif.com
      require: private
      version: ~3.2.0
    source:
      registry_url: https://components.espressif.com/
      type: service
    version: 0.3.0
  idf:
    source:
      type: idf
    version: 6.0.0
  lambage/esp_lcd_touch_ft6336u:
    component_hash: b581c2abc643da397b98d269bb63a6fed8f7efa94df054b00d3e333c387ddb78
    dependencies:
    - name: espressif/esp_lcd_touch
      registry_url: https://components.espressif.com
      require: public
      version: ^1.0.4
    - name: idf
      require: private
      version: '>=4.4.2'
    source:
      registry_url: https://components.espressif.com/
      type: service
    version: 1.0.8
  lvgl/lvgl:
    component_hash: d7c1ac037ae6e85d94897f807d6e7ba0946a83e720074fc95a4f6241da9f9f53
    dependencies: []
    source:
      registry_url: https://components.espressif.com/
      type: service
    version: 8.4.0
direct_dependencies:
- espressif/esp-dl
- espressif/esp32-camera
- espressif/esp_lcd_touch
- espressif/esp_lvgl_port
- espressif/pedestrian_detect
- idf
- lambage/esp_lcd_touch_ft6336u
- lvgl/lvgl
manifest_hash: b9cb6cb7822a65cb52002cab701f18069e9cc9a59d1be975370393e261b22759
target: esp32s3
version: 2.0.0
